// !$*UTF8*$!
{
	archiveVersion = 1;
	classes = {
	};
	objectVersion = 50;
	objects = {

/* Begin PBXBuildFile section */
		413B5DF825420EBD00C4C48D /* Renderer.swift in Sources */ = {isa = PBXBuildFile; fileRef = 413B5DF725420EBD00C4C48D /* Renderer.swift */; };
		413B5DFB25421B7600C4C48D /* shaders.metal in Sources */ = {isa = PBXBuildFile; fileRef = 413B5DFA25421B7600C4C48D /* shaders.metal */; };
		413B5DFE2542212100C4C48D /* MathUtilities.swift in Sources */ = {isa = PBXBuildFile; fileRef = 413B5DFD2542212100C4C48D /* MathUtilities.swift */; };
		413B5E012542265A00C4C48D /* teapot.obj in Resources */ = {isa = PBXBuildFile; fileRef = 413B5E002542265A00C4C48D /* teapot.obj */; };
		413B5E0C25435D9800C4C48D /* bob.obj in Resources */ = {isa = PBXBuildFile; fileRef = 413B5E0925435D9800C4C48D /* bob.obj */; };
		413B5E0D25435D9800C4C48D /* blub.obj in Resources */ = {isa = PBXBuildFile; fileRef = 413B5E0A25435D9800C4C48D /* blub.obj */; };
		413B5E1125435DAB00C4C48D /* Scene.swift in Sources */ = {isa = PBXBuildFile; fileRef = 413B5E1025435DAB00C4C48D /* Scene.swift */; };
		413B5E152543651300C4C48D /* Camera.swift in Sources */ = {isa = PBXBuildFile; fileRef = 413B5E142543651200C4C48D /* Camera.swift */; };
		413B5E1C254398B300C4C48D /* ViewControllerExtension.swift in Sources */ = {isa = PBXBuildFile; fileRef = 413B5E1B254398B300C4C48D /* ViewControllerExtension.swift */; };
		413B5E1F2543A66800C4C48D /* plane.obj in Resources */ = {isa = PBXBuildFile; fileRef = 413B5E1E2543A66800C4C48D /* plane.obj */; };
		41AFE0972540B64800704850 /* AppDelegate.swift in Sources */ = {isa = PBXBuildFile; fileRef = 41AFE0962540B64800704850 /* AppDelegate.swift */; };
		41AFE0992540B64800704850 /* ViewController.swift in Sources */ = {isa = PBXBuildFile; fileRef = 41AFE0982540B64800704850 /* ViewController.swift */; };
		41AFE09B2540B64900704850 /* Assets.xcassets in Resources */ = {isa = PBXBuildFile; fileRef = 41AFE09A2540B64900704850 /* Assets.xcassets */; };
		41AFE09E2540B64900704850 /* Main.storyboard in Resources */ = {isa = PBXBuildFile; fileRef = 41AFE09C2540B64900704850 /* Main.storyboard */; };
/* End PBXBuildFile section */

/* Begin PBXFileReference section */
		413B5DF725420EBD00C4C48D /* Renderer.swift */ = {isa = PBXFileReference; lastKnownFileType = sourcecode.swift; path = Renderer.swift; sourceTree = "<group>"; };
		413B5DFA25421B7600C4C48D /* shaders.metal */ = {isa = PBXFileReference; lastKnownFileType = sourcecode.metal; path = shaders.metal; sourceTree = "<group>"; };
		413B5DFD2542212100C4C48D /* MathUtilities.swift */ = {isa = PBXFileReference; lastKnownFileType = sourcecode.swift; path = MathUtilities.swift; sourceTree = "<group>"; };
		413B5E002542265A00C4C48D /* teapot.obj */ = {isa = PBXFileReference; fileEncoding = 4; lastKnownFileType = text; path = teapot.obj; sourceTree = "<group>"; };
		413B5E0925435D9800C4C48D /* bob.obj */ = {isa = PBXFileReference; fileEncoding = 4; lastKnownFileType = text; name = bob.obj; path = "../../modern-metal/modern-metal/modern-metal/bob.obj"; sourceTree = "<group>"; };
		413B5E0A25435D9800C4C48D /* blub.obj */ = {isa = PBXFileReference; fileEncoding = 4; lastKnownFileType = text; name = blub.obj; path = "../../modern-metal/modern-metal/modern-metal/blub.obj"; sourceTree = "<group>"; };
		413B5E1025435DAB00C4C48D /* Scene.swift */ = {isa = PBXFileReference; fileEncoding = 4; lastKnownFileType = sourcecode.swift; name = Scene.swift; path = "../../modern-metal/modern-metal/modern-metal/Scene.swift"; sourceTree = "<group>"; };
		413B5E142543651200C4C48D /* Camera.swift */ = {isa = PBXFileReference; lastKnownFileType = sourcecode.swift; path = Camera.swift; sourceTree = "<group>"; };
		413B5E1B254398B300C4C48D /* ViewControllerExtension.swift */ = {isa = PBXFileReference; lastKnownFileType = sourcecode.swift; path = ViewControllerExtension.swift; sourceTree = "<group>"; };
		413B5E1E2543A66800C4C48D /* plane.obj */ = {isa = PBXFileReference; fileEncoding = 4; lastKnownFileType = text; name = plane.obj; path = "../../metal/Metal_by_Tutorials_source_code_v2.0.0/06-textures/starter/Texture/Texture/Models/Ground/plane.obj"; sourceTree = "<group>"; };
		41AFE0932540B64800704850 /* MetalStarter.app */ = {isa = PBXFileReference; explicitFileType = wrapper.application; includeInIndex = 0; path = MetalStarter.app; sourceTree = BUILT_PRODUCTS_DIR; };
		41AFE0962540B64800704850 /* AppDelegate.swift */ = {isa = PBXFileReference; lastKnownFileType = sourcecode.swift; path = AppDelegate.swift; sourceTree = "<group>"; };
		41AFE0982540B64800704850 /* ViewController.swift */ = {isa = PBXFileReference; lastKnownFileType = sourcecode.swift; path = ViewController.swift; sourceTree = "<group>"; };
		41AFE09A2540B64900704850 /* Assets.xcassets */ = {isa = PBXFileReference; lastKnownFileType = folder.assetcatalog; path = Assets.xcassets; sourceTree = "<group>"; };
		41AFE09D2540B64900704850 /* Base */ = {isa = PBXFileReference; lastKnownFileType = file.storyboard; name = Base; path = Base.lproj/Main.storyboard; sourceTree = "<group>"; };
		41AFE09F2540B64900704850 /* Info.plist */ = {isa = PBXFileReference; lastKnownFileType = text.plist.xml; path = Info.plist; sourceTree = "<group>"; };
		41AFE0A02540B64900704850 /* MetalStarter.entitlements */ = {isa = PBXFileReference; lastKnownFileType = text.plist.entitlements; path = MetalStarter.entitlements; sourceTree = "<group>"; };
/* End PBXFileReference section */

/* Begin PBXFrameworksBuildPhase section */
		41AFE0902540B64800704850 /* Frameworks */ = {
			isa = PBXFrameworksBuildPhase;
			buildActionMask = 2147483647;
			files = (
			);
			runOnlyForDeploymentPostprocessing = 0;
		};
/* End PBXFrameworksBuildPhase section */

/* Begin PBXGroup section */
		41AFE08A2540B64800704850 = {
			isa = PBXGroup;
			children = (
				41AFE0952540B64800704850 /* MetalStarter */,
				41AFE0942540B64800704850 /* Products */,
			);
			sourceTree = "<group>";
		};
		41AFE0942540B64800704850 /* Products */ = {
			isa = PBXGroup;
			children = (
				41AFE0932540B64800704850 /* MetalStarter.app */,
			);
			name = Products;
			sourceTree = "<group>";
		};
		41AFE0952540B64800704850 /* MetalStarter */ = {
			isa = PBXGroup;
			children = (
				41AFE0962540B64800704850 /* AppDelegate.swift */,
				41AFE0982540B64800704850 /* ViewController.swift */,
				413B5E1B254398B300C4C48D /* ViewControllerExtension.swift */,
				413B5E142543651200C4C48D /* Camera.swift */,
				413B5DF725420EBD00C4C48D /* Renderer.swift */,
				413B5DFD2542212100C4C48D /* MathUtilities.swift */,
				413B5E1025435DAB00C4C48D /* Scene.swift */,
				413B5DFA25421B7600C4C48D /* shaders.metal */,
				41AFE09A2540B64900704850 /* Assets.xcassets */,
				413B5E0A25435D9800C4C48D /* blub.obj */,
				413B5E0925435D9800C4C48D /* bob.obj */,
				413B5E1E2543A66800C4C48D /* plane.obj */,
				413B5E002542265A00C4C48D /* teapot.obj */,
				41AFE09C2540B64900704850 /* Main.storyboard */,
				41AFE09F2540B64900704850 /* Info.plist */,
				41AFE0A02540B64900704850 /* MetalStarter.entitlements */,
			);
			path = MetalStarter;
			sourceTree = "<group>";
		};
/* End PBXGroup section */

/* Begin PBXNativeTarget section */
		41AFE0922540B64800704850 /* MetalStarter */ = {
			isa = PBXNativeTarget;
			buildConfigurationList = 41AFE0A32540B64900704850 /* Build configuration list for PBXNativeTarget "MetalStarter" */;
			buildPhases = (
				41AFE08F2540B64800704850 /* Sources */,
				41AFE0902540B64800704850 /* Frameworks */,
				41AFE0912540B64800704850 /* Resources */,
			);
			buildRules = (
			);
			dependencies = (
			);
			name = MetalStarter;
			productName = MetalStarter;
			productReference = 41AFE0932540B64800704850 /* MetalStarter.app */;
			productType = "com.apple.product-type.application";
		};
/* End PBXNativeTarget section */

/* Begin PBXProject section */
		41AFE08B2540B64800704850 /* Project object */ = {
			isa = PBXProject;
			attributes = {
				LastSwiftUpdateCheck = 1200;
				LastUpgradeCheck = 1210;
				TargetAttributes = {
					41AFE0922540B64800704850 = {
						CreatedOnToolsVersion = 12.0.1;
					};
				};
			};
			buildConfigurationList = 41AFE08E2540B64800704850 /* Build configuration list for PBXProject "MetalStarter" */;
			compatibilityVersion = "Xcode 9.3";
			developmentRegion = en;
			hasScannedForEncodings = 0;
			knownRegions = (
				en,
				Base,
			);
			mainGroup = 41AFE08A2540B64800704850;
			productRefGroup = 41AFE0942540B64800704850 /* Products */;
			projectDirPath = "";
			projectRoot = "";
			targets = (
				41AFE0922540B64800704850 /* MetalStarter */,
			);
		};
/* End PBXProject section */

/* Begin PBXResourcesBuildPhase section */
		41AFE0912540B64800704850 /* Resources */ = {
			isa = PBXResourcesBuildPhase;
			buildActionMask = 2147483647;
			files = (
				413B5E0D25435D9800C4C48D /* blub.obj in Resources */,
				41AFE09B2540B64900704850 /* Assets.xcassets in Resources */,
				413B5E1F2543A66800C4C48D /* plane.obj in Resources */,
				41AFE09E2540B64900704850 /* Main.storyboard in Resources */,
				413B5E012542265A00C4C48D /* teapot.obj in Resources */,
				413B5E0C25435D9800C4C48D /* bob.obj in Resources */,
			);
			runOnlyForDeploymentPostprocessing = 0;
		};
/* End PBXResourcesBuildPhase section */

/* Begin PBXSourcesBuildPhase section */
		41AFE08F2540B64800704850 /* Sources */ = {
			isa = PBXSourcesBuildPhase;
			buildActionMask = 2147483647;
			files = (
				413B5DFB25421B7600C4C48D /* shaders.metal in Sources */,
				41AFE0992540B64800704850 /* ViewController.swift in Sources */,
				413B5DF825420EBD00C4C48D /* Renderer.swift in Sources */,
				413B5E1125435DAB00C4C48D /* Scene.swift in Sources */,
				413B5E1C254398B300C4C48D /* ViewControllerExtension.swift in Sources */,
				41AFE0972540B64800704850 /* AppDelegate.swift in Sources */,
				413B5E152543651300C4C48D /* Camera.swift in Sources */,
				413B5DFE2542212100C4C48D /* MathUtilities.swift in Sources */,
			);
			runOnlyForDeploymentPostprocessing = 0;
		};
/* End PBXSourcesBuildPhase section */

/* Begin PBXVariantGroup section */
		41AFE09C2540B64900704850 /* Main.storyboard */ = {
			isa = PBXVariantGroup;
			children = (
				41AFE09D2540B64900704850 /* Base */,
			);
			name = Main.storyboard;
			sourceTree = "<group>";
		};
/* End PBXVariantGroup section */

/* Begin XCBuildConfiguration section */
		41AFE0A12540B64900704850 /* Debug */ = {
			isa = XCBuildConfiguration;
			buildSettings = {
				ALWAYS_SEARCH_USER_PATHS = NO;
				CLANG_ANALYZER_NONNULL = YES;
				CLANG_ANALYZER_NUMBER_OBJECT_CONVERSION = YES_AGGRESSIVE;
				CLANG_CXX_LANGUAGE_STANDARD = "gnu++14";
				CLANG_CXX_LIBRARY = "libc++";
				CLANG_ENABLE_MODULES = YES;
				CLANG_ENABLE_OBJC_ARC = YES;
				CLANG_ENABLE_OBJC_WEAK = YES;
				CLANG_WARN_BLOCK_CAPTURE_AUTORELEASING = YES;
				CLANG_WARN_BOOL_CONVERSION = YES;
				CLANG_WARN_COMMA = YES;
				CLANG_WARN_CONSTANT_CONVERSION = YES;
				CLANG_WARN_DEPRECATED_OBJC_IMPLEMENTATIONS = YES;
				CLANG_WARN_DIRECT_OBJC_ISA_USAGE = YES_ERROR;
				CLANG_WARN_DOCUMENTATION_COMMENTS = YES;
				CLANG_WARN_EMPTY_BODY = YES;
				CLANG_WARN_ENUM_CONVERSION = YES;
				CLANG_WARN_INFINITE_RECURSION = YES;
				CLANG_WARN_INT_CONVERSION = YES;
				CLANG_WARN_NON_LITERAL_NULL_CONVERSION = YES;
				CLANG_WARN_OBJC_IMPLICIT_RETAIN_SELF = YES;
				CLANG_WARN_OBJC_LITERAL_CONVERSION = YES;
				CLANG_WARN_OBJC_ROOT_CLASS = YES_ERROR;
				CLANG_WARN_QUOTED_INCLUDE_IN_FRAMEWORK_HEADER = YES;
				CLANG_WARN_RANGE_LOOP_ANALYSIS = YES;
				CLANG_WARN_STRICT_PROTOTYPES = YES;
				CLANG_WARN_SUSPICIOUS_MOVE = YES;
				CLANG_WARN_UNGUARDED_AVAILABILITY = YES_AGGRESSIVE;
				CLANG_WARN_UNREACHABLE_CODE = YES;
				CLANG_WARN__DUPLICATE_METHOD_MATCH = YES;
				COPY_PHASE_STRIP = NO;
				DEBUG_INFORMATION_FORMAT = dwarf;
				ENABLE_STRICT_OBJC_MSGSEND = YES;
				ENABLE_TESTABILITY = YES;
				GCC_C_LANGUAGE_STANDARD = gnu11;
				GCC_DYNAMIC_NO_PIC = NO;
				GCC_NO_COMMON_BLOCKS = YES;
				GCC_OPTIMIZATION_LEVEL = 0;
				GCC_PREPROCESSOR_DEFINITIONS = (
					"DEBUG=1",
					"$(inherited)",
				);
				GCC_WARN_64_TO_32_BIT_CONVERSION = YES;
				GCC_WARN_ABOUT_RETURN_TYPE = YES_ERROR;
				GCC_WARN_UNDECLARED_SELECTOR = YES;
				GCC_WARN_UNINITIALIZED_AUTOS = YES_AGGRESSIVE;
				GCC_WARN_UNUSED_FUNCTION = YES;
				GCC_WARN_UNUSED_VARIABLE = YES;
				MACOSX_DEPLOYMENT_TARGET = 10.15;
				MTL_ENABLE_DEBUG_INFO = INCLUDE_SOURCE;
				MTL_FAST_MATH = YES;
				ONLY_ACTIVE_ARCH = YES;
				SDKROOT = macosx;
				SWIFT_ACTIVE_COMPILATION_CONDITIONS = DEBUG;
				SWIFT_OPTIMIZATION_LEVEL = "-Onone";
			};
			name = Debug;
		};
		41AFE0A22540B64900704850 /* Release */ = {
			isa = XCBuildConfiguration;
			buildSettings = {
				ALWAYS_SEARCH_USER_PATHS = NO;
				CLANG_ANALYZER_NONNULL = YES;
				CLANG_ANALYZER_NUMBER_OBJECT_CONVERSION = YES_AGGRESSIVE;
				CLANG_CXX_LANGUAGE_STANDARD = "gnu++14";
				CLANG_CXX_LIBRARY = "libc++";
				CLANG_ENABLE_MODULES = YES;
				CLANG_ENABLE_OBJC_ARC = YES;
				CLANG_ENABLE_OBJC_WEAK = YES;
				CLANG_WARN_BLOCK_CAPTURE_AUTORELEASING = YES;
				CLANG_WARN_BOOL_CONVERSION = YES;
				CLANG_WARN_COMMA = YES;
				CLANG_WARN_CONSTANT_CONVERSION = YES;
				CLANG_WARN_DEPRECATED_OBJC_IMPLEMENTATIONS = YES;
				CLANG_WARN_DIRECT_OBJC_ISA_USAGE = YES_ERROR;
				CLANG_WARN_DOCUMENTATION_COMMENTS = YES;
				CLANG_WARN_EMPTY_BODY = YES;
				CLANG_WARN_ENUM_CONVERSION = YES;
				CLANG_WARN_INFINITE_RECURSION = YES;
				CLANG_WARN_INT_CONVERSION = YES;
				CLANG_WARN_NON_LITERAL_NULL_CONVERSION = YES;
				CLANG_WARN_OBJC_IMPLICIT_RETAIN_SELF = YES;
				CLANG_WARN_OBJC_LITERAL_CONVERSION = YES;
				CLANG_WARN_OBJC_ROOT_CLASS = YES_ERROR;
				CLANG_WARN_QUOTED_INCLUDE_IN_FRAMEWORK_HEADER = YES;
				CLANG_WARN_RANGE_LOOP_ANALYSIS = YES;
				CLANG_WARN_STRICT_PROTOTYPES = YES;
				CLANG_WARN_SUSPICIOUS_MOVE = YES;
				CLANG_WARN_UNGUARDED_AVAILABILITY = YES_AGGRESSIVE;
				CLANG_WARN_UNREACHABLE_CODE = YES;
				CLANG_WARN__DUPLICATE_METHOD_MATCH = YES;
				COPY_PHASE_STRIP = NO;
				DEBUG_INFORMATION_FORMAT = "dwarf-with-dsym";
				ENABLE_NS_ASSERTIONS = NO;
				ENABLE_STRICT_OBJC_MSGSEND = YES;
				GCC_C_LANGUAGE_STANDARD = gnu11;
				GCC_NO_COMMON_BLOCKS = YES;
				GCC_WARN_64_TO_32_BIT_CONVERSION = YES;
				GCC_WARN_ABOUT_RETURN_TYPE = YES_ERROR;
				GCC_WARN_UNDECLARED_SELECTOR = YES;
				GCC_WARN_UNINITIALIZED_AUTOS = YES_AGGRESSIVE;
				GCC_WARN_UNUSED_FUNCTION = YES;
				GCC_WARN_UNUSED_VARIABLE = YES;
				MACOSX_DEPLOYMENT_TARGET = 10.15;
				MTL_ENABLE_DEBUG_INFO = NO;
				MTL_FAST_MATH = YES;
				SDKROOT = macosx;
				SWIFT_COMPILATION_MODE = wholemodule;
				SWIFT_OPTIMIZATION_LEVEL = "-O";
			};
			name = Release;
		};
		41AFE0A42540B64900704850 /* Debug */ = {
			isa = XCBuildConfiguration;
			buildSettings = {
				ASSETCATALOG_COMPILER_APPICON_NAME = AppIcon;
				ASSETCATALOG_COMPILER_GLOBAL_ACCENT_COLOR_NAME = AccentColor;
				CODE_SIGN_ENTITLEMENTS = MetalStarter/MetalStarter.entitlements;
				CODE_SIGN_IDENTITY = "-";
				CODE_SIGN_STYLE = Automatic;
				COMBINE_HIDPI_IMAGES = YES;
				INFOPLIST_FILE = MetalStarter/Info.plist;
				LD_RUNPATH_SEARCH_PATHS = (
					"$(inherited)",
					"@executable_path/../Frameworks",
				);
				PRODUCT_BUNDLE_IDENTIFIER = denis.konoplev.MetalStarter;
				PRODUCT_NAME = "$(TARGET_NAME)";
				SWIFT_VERSION = 5.0;
			};
			name = Debug;
		};
		41AFE0A52540B64900704850 /* Release */ = {
			isa = XCBuildConfiguration;
			buildSettings = {
				ASSETCATALOG_COMPILER_APPICON_NAME = AppIcon;
				ASSETCATALOG_COMPILER_GLOBAL_ACCENT_COLOR_NAME = AccentColor;
				CODE_SIGN_ENTITLEMENTS = MetalStarter/MetalStarter.entitlements;
				CODE_SIGN_IDENTITY = "-";
				CODE_SIGN_STYLE = Automatic;
				COMBINE_HIDPI_IMAGES = YES;
				INFOPLIST_FILE = MetalStarter/Info.plist;
				LD_RUNPATH_SEARCH_PATHS = (
					"$(inherited)",
					"@executable_path/../Frameworks",
				);
				PRODUCT_BUNDLE_IDENTIFIER = denis.konoplev.MetalStarter;
				PRODUCT_NAME = "$(TARGET_NAME)";
				SWIFT_VERSION = 5.0;
			};
			name = Release;
		};
/* End XCBuildConfiguration section */

/* Begin XCConfigurationList section */
		41AFE08E2540B64800704850 /* Build configuration list for PBXProject "MetalStarter" */ = {
			isa = XCConfigurationList;
			buildConfigurations = (
				41AFE0A12540B64900704850 /* Debug */,
				41AFE0A22540B64900704850 /* Release */,
			);
			defaultConfigurationIsVisible = 0;
			defaultConfigurationName = Release;
		};
		41AFE0A32540B64900704850 /* Build configuration list for PBXNativeTarget "MetalStarter" */ = {
			isa = XCConfigurationList;
			buildConfigurations = (
				41AFE0A42540B64900704850 /* Debug */,
				41AFE0A52540B64900704850 /* Release */,
			);
			defaultConfigurationIsVisible = 0;
			defaultConfigurationName = Release;
		};
/* End XCConfigurationList section */
	};
	rootObject = 41AFE08B2540B64800704850 /* Project object */;
}
